dependencies:
- name: replicated
  repository: oci://registry.replicated.com/library
  version: 0.0.1-alpha.17
- name: postgresql
  repository: oci://registry-1.docker.io/bitnamicharts
  version: 12.6.0
- name: common
  repository: oci://registry-1.docker.io/bitnamicharts
  version: 2.5.0
digest: sha256:64acad6035eaaf65c6dd86bdc627383492874ac47097bc2916b71153594bae29
generated: "2023-06-30T09:53:01.400457-04:00"
